
Microsoft Visual Studio Solution File, Format Version 12.00
# Visual Studio Version 17
VisualStudioVersion = 17.9.34728.123
MinimumVisualStudioVersion = 10.0.40219.1
Project("{FAE04EC0-301F-11D3-BF4B-00C04F79EFBC}") = "CSGroup_Form_App", "CSGroup_Form_App\CSGroup_Form_App.csproj", "{91C8349E-EC01-487D-9899-F3606030A4C5}"
EndProject
Global
	GlobalSection(SolutionConfigurationPlatforms) = preSolution
		Debug|Any CPU = Debug|Any CPU
		Release|Any CPU = Release|Any CPU
	EndGlobalSection
	GlobalSection(ProjectConfigurationPlatforms) = postSolution
		{91C8349E-EC01-487D-9899-F3606030A4C5}.Debug|Any CPU.ActiveCfg = Debug|Any CPU
		{91C8349E-EC01-487D-9899-F3606030A4C5}.Debug|Any CPU.Build.0 = Debug|Any CPU
		{91C8349E-EC01-487D-9899-F3606030A4C5}.Release|Any CPU.ActiveCfg = Release|Any CPU
		{91C8349E-EC01-487D-9899-F3606030A4C5}.Release|Any CPU.Build.0 = Release|Any CPU
	EndGlobalSection
	GlobalSection(SolutionProperties) = preSolution
		HideSolutionNode = FALSE
	EndGlobalSection
	GlobalSection(ExtensibilityGlobals) = postSolution
		SolutionGuid = {C387AB88-023E-4699-BF14-CBD339C5355F}
	EndGlobalSection
EndGlobal
